{
  "version": 4,
  "terraform_version": "1.16.2",
  "serial": 5,
  "lineage": "ff03e560-7c0e-1b4a-af69-30e29725857a",
  "outputs": {
    "dynamodb_table_name": {
      "value": "iam-permission-recommendations",
      "type": "string"
    },
    "lambda_function_name": {
      "value": "ai-iam-permission-backend",
      "type": "string"
    }
  },
  "resources": [
    {
      "mode": "data",
      "type": "aws_caller_identity",
      "name": "current",
      "provider": "provider[\"registry.terraform.io/hashicorp/aws\"]",
      "instances": [
        {
          "schema_version": 0,
          "attributes": {
            "account_id": "713362557040",
            "arn": "arn:aws:iam::713362557040:user/aarya-backend",
            "id": "713362557040",
            "user_id": "AIDA2MF5YZBYOWLU2L5CV"
          },
          "sensitive_attributes": [],
          "identity_schema_version": 0
        }
      ]
    },
    {
      "mode": "data",
      "type": "aws_region",
      "name": "current",
      "provider": "provider[\"registry.terraform.io/hashicorp/aws\"]",
      "instances": [
        {
          "schema_version": 0,
          "attributes": {
            "description": "Asia Pacific (Mumbai)",
            "endpoint": "ec2.ap-south-1.amazonaws.com",
            "id": "ap-south-1",
            "name": "ap-south-1"
          },
          "sensitive_attributes": [],
          "identity_schema_version": 0
        }
      ]
    },
    {
      "mode": "managed",
      "type": "aws_cloudwatch_log_group",
      "name": "lambda_logs",
      "provider": "provider[\"registry.terraform.io/hashicorp/aws\"]",
      "instances": [
        {
          "status": "tainted",
          "schema_version": 0,
          "attributes": {
            "arn": null,
            "id": "/aws/lambda/ai-iam-permission-backend",
            "kms_key_id": null,
            "log_group_class": null,
            "name": "/aws/lambda/ai-iam-permission-backend",
            "name_prefix": null,
            "retention_in_days": 14,
            "skip_destroy": false,
            "tags": null,
            "tags_all": null
          },
          "sensitive_attributes": [],
          "identity_schema_version": 0,
          "private": "bnVsbA=="
        }
      ]
    }
  ],
  "check_results": null
}
